{
  "projects": [
    {
      "projectId": "iQLrfYQ86tKsFeD4X4u2uv",
      "version": "latest",
      "dependencies": {},
      "lang": "ts",
      "fileLocks": [
        {
          "type": "globalVariant",
          "assetId": "JXR3hkrXXNxq",
          "checksum": "77f0468df550e1a86568f23d6385a088"
        },
        {
          "type": "renderModule",
          "assetId": "UGK03Yl4BFqN",
          "checksum": "d980db02be2ea1124c2fc9467aac737c"
        },
        {
          "type": "cssRules",
          "assetId": "UGK03Yl4BFqN",
          "checksum": "d980db02be2ea1124c2fc9467aac737c"
        },
        {
          "type": "renderModule",
          "assetId": "KlhgK-3_Tudg",
          "checksum": "ff49340d2dd1779af38fc84e8381d02a"
        },
        {
          "type": "cssRules",
          "assetId": "KlhgK-3_Tudg",
          "checksum": "ff49340d2dd1779af38fc84e8381d02a"
        },
        {
          "type": "icon",
          "assetId": "fK-IZMvYA2Ot",
          "checksum": "59843568cbb4fd382c2512e8421a5ef8"
        },
        {
          "type": "icon",
          "assetId": "9JPDCGYib5ME",
          "checksum": "64804aa9b4e494010ec97033c6da0bf6"
        },
        {
          "assetId": "iQLrfYQ86tKsFeD4X4u2uv",
          "type": "projectCss",
          "checksum": "4a0e5a50d3a655856415ef082db0edeb"
        }
      ],
      "codegenVersion": "0.0.1"
    }
  ],
  "cliVersion": "0.1.331"
}
